{
  "lockfile_version": "1",
  "packages": {
    "act@latest": {
      "last_modified": "2025-11-15T07:28:48Z",
      "resolved": "github:NixOS/nixpkgs/1d4c88323ac36805d09657d13a5273aea1b34f0c#act",
      "source": "devbox-search",
      "version": "0.2.82",
      "systems": {
        "aarch64-darwin": {
          "outputs": [
            {
              "name": "out",
              "path": "/nix/store/m6vyb96fdkd534izm6j96p2wjihxa48p-act-0.2.82",
              "default": true
            }
          ],
          "store_path": "/nix/store/m6vyb96fdkd534izm6j96p2wjihxa48p-act-0.2.82"
        },
        "aarch64-linux": {
          "outputs": [
            {
              "name": "out",
              "path": "/nix/store/5q17iyy4n2gypdsqjy8jbjk7n95y8vq8-act-0.2.82",
              "default": true
            }
          ],
          "store_path": "/nix/store/5q17iyy4n2gypdsqjy8jbjk7n95y8vq8-act-0.2.82"
        },
        "x86_64-darwin": {
          "outputs": [
            {
              "name": "out",
              "path": "/nix/store/2vgax7474831f0asvr7ph9qckrdvhl4c-act-0.2.82",
              "default": true
            }
          ],
          "store_path": "/nix/store/2vgax7474831f0asvr7ph9qckrdvhl4c-act-0.2.82"
        },
        "x86_64-linux": {
          "outputs": [
            {
              "name": "out",
              "path": "/nix/store/lig3mmmzyl3182pia2gynw8wy9almw44-act-0.2.82",
              "default": true
            }
          ],
          "store_path": "/nix/store/lig3mmmzyl3182pia2gynw8wy9almw44-act-0.2.82"
        }
      }
    },
    "cosign@latest": {
      "last_modified": "2025-11-15T07:28:48Z",
      "resolved": "github:NixOS/nixpkgs/1d4c88323ac36805d09657d13a5273aea1b34f0c#cosign",
      "source": "devbox-search",
      "version": "3.0.2",
      "systems": {
        "aarch64-darwin": {
          "outputs": [
            {
              "name": "out",
              "path": "/nix/store/d3gpy04p9kskwlfj6px97zk03b6dxf6i-cosign-3.0.2",
              "default": true
            }
          ],
          "store_path": "/nix/store/d3gpy04p9kskwlfj6px97zk03b6dxf6i-cosign-3.0.2"
        },
        "aarch64-linux": {
          "outputs": [
            {
              "name": "out",
              "path": "/nix/store/xqd61b02kf5fvra0gjzz6w6yizd03kyw-cosign-3.0.2",
              "default": true
            }
          ],
          "store_path": "/nix/store/xqd61b02kf5fvra0gjzz6w6yizd03kyw-cosign-3.0.2"
        },
        "x86_64-darwin": {
          "outputs": [
            {
              "name": "out",
              "path": "/nix/store/dqjy391kvsqg4wihjkbbyqnij0glhwz7-cosign-3.0.2",
              "default": true
            }
          ],
          "store_path": "/nix/store/dqjy391kvsqg4wihjkbbyqnij0glhwz7-cosign-3.0.2"
        },
        "x86_64-linux": {
          "outputs": [
            {
              "name": "out",
              "path": "/nix/store/vmblqdbnjhhrlwsvjigr9nf4fg7jgb42-cosign-3.0.2",
              "default": true
            }
          ],
          "store_path": "/nix/store/vmblqdbnjhhrlwsvjigr9nf4fg7jgb42-cosign-3.0.2"
        }
      }
    },
    "docker@latest": {
      "last_modified": "2025-11-15T07:28:48Z",
      "resolved": "github:NixOS/nixpkgs/1d4c88323ac36805d09657d13a5273aea1b34f0c#docker",
      "source": "devbox-search",
      "version": "28.5.1",
      "systems": {
        "aarch64-darwin": {
          "outputs": [
            {
              "name": "out",
              "path": "/nix/store/zak9as98w3jip87vmjfljrs9z3xcl6xs-docker-28.5.1",
              "default": true
            }
          ],
          "store_path": "/nix/store/zak9as98w3jip87vmjfljrs9z3xcl6xs-docker-28.5.1"
        },
        "aarch64-linux": {
          "outputs": [
            {
              "name": "out",
              "path": "/nix/store/2zh7f1vpczjrj72fh134xi60yddm2xb0-docker-28.5.1",
              "default": true
            }
          ],
          "store_path": "/nix/store/2zh7f1vpczjrj72fh134xi60yddm2xb0-docker-28.5.1"
        },
        "x86_64-darwin": {
          "outputs": [
            {
              "name": "out",
              "path": "/nix/store/iq5ra8j65svh28vs45fg2c4kvdfs1a2d-docker-28.5.1",
              "default": true
            }
          ],
          "store_path": "/nix/store/iq5ra8j65svh28vs45fg2c4kvdfs1a2d-docker-28.5.1"
        },
        "x86_64-linux": {
          "outputs": [
            {
              "name": "out",
              "path": "/nix/store/jalvmvnj5c2fc76gi4a8vvzvspw0kv2s-docker-28.5.1",
              "default": true
            }
          ],
          "store_path": "/nix/store/jalvmvnj5c2fc76gi4a8vvzvspw0kv2s-docker-28.5.1"
        }
      }
    },
    "gettext@latest": {
      "last_modified": "2025-11-15T07:28:48Z",
      "resolved": "github:NixOS/nixpkgs/1d4c88323ac36805d09657d13a5273aea1b34f0c#gettext",
      "source": "devbox-search",
      "version": "0.25.1",
      "systems": {
        "aarch64-darwin": {
          "outputs": [
            {
              "name": "out",
              "path": "/nix/store/zklb2hyc3dfr2krs7bnmarckv7sy47kk-gettext-0.25.1",
              "default": true
            },
            {
              "name": "man",
              "path": "/nix/store/rjjkpkkmrbz2d2bjc72rvpf2f9f2l24r-gettext-0.25.1-man",
              "default": true
            },
            {
              "name": "doc",
              "path": "/nix/store/bs76kppqbvs0d2cbgrg25jjkam1ghcdk-gettext-0.25.1-doc"
            },
            {
              "name": "info",
              "path": "/nix/store/nd83vp6l13ii98ls0bpmq1q0lj011hzz-gettext-0.25.1-info"
            }
          ],
          "store_path": "/nix/store/zklb2hyc3dfr2krs7bnmarckv7sy47kk-gettext-0.25.1"
        },
        "aarch64-linux": {
          "outputs": [
            {
              "name": "out",
              "path": "/nix/store/64qdvi8k35aas6wq5bj7hvzd2q38h4w9-gettext-0.25.1",
              "default": true
            },
            {
              "name": "man",
              "path": "/nix/store/yjlqiwjihapf8icvcl9kjmwmfi0bc0m1-gettext-0.25.1-man",
              "default": true
            },
            {
              "name": "doc",
              "path": "/nix/store/ar37ly0whgbms1spn43r2kzk2gbgkbkw-gettext-0.25.1-doc"
            },
            {
              "name": "info",
              "path": "/nix/store/g97wahf68b1h8ksxhhs4bf2r4zb9sb24-gettext-0.25.1-info"
            }
          ],
          "store_path": "/nix/store/64qdvi8k35aas6wq5bj7hvzd2q38h4w9-gettext-0.25.1"
        },
        "x86_64-darwin": {
          "outputs": [
            {
              "name": "out",
              "path": "/nix/store/x3880309l7zbwvx7cby1scj4gzmv866g-gettext-0.25.1",
              "default": true
            },
            {
              "name": "man",
              "path": "/nix/store/566lwn8kpkrbzvmmpa51bzxsb7pg9ybw-gettext-0.25.1-man",
              "default": true
            },
            {
              "name": "doc",
              "path": "/nix/store/p55v9iyc2v65r0an49am0qq7y98l8hkj-gettext-0.25.1-doc"
            },
            {
              "name": "info",
              "path": "/nix/store/pxdmj2xjskhn58l8k3nays7xbcbfs4dj-gettext-0.25.1-info"
            }
          ],
          "store_path": "/nix/store/x3880309l7zbwvx7cby1scj4gzmv866g-gettext-0.25.1"
        },
        "x86_64-linux": {
          "outputs": [
            {
              "name": "out",
              "path": "/nix/store/h9alj6a9rbxs0igfs5lmvsg2hb0vam24-gettext-0.25.1",
              "default": true
            },
            {
              "name": "man",
              "path": "/nix/store/bi4lxmlwjmia0jkk6f68ma1qyhv2kjd6-gettext-0.25.1-man",
              "default": true
            },
            {
              "name": "doc",
              "path": "/nix/store/qkfq2kj80lsfpvy4hhgv5kcwlrhz0lry-gettext-0.25.1-doc"
            },
            {
              "name": "info",
              "path": "/nix/store/wkcbqaw9ylk7kcr5lfd06xh5sizcbx47-gettext-0.25.1-info"
            }
          ],
          "store_path": "/nix/store/h9alj6a9rbxs0igfs5lmvsg2hb0vam24-gettext-0.25.1"
        }
      }
    },
    "ginkgo@latest": {
      "last_modified": "2025-11-15T07:28:48Z",
      "resolved": "github:NixOS/nixpkgs/1d4c88323ac36805d09657d13a5273aea1b34f0c#ginkgo",
      "source": "devbox-search",
      "version": "2.27.2",
      "systems": {
        "aarch64-darwin": {
          "outputs": [
            {
              "name": "out",
              "path": "/nix/store/4ad1i1ym4lmxyg86zdbss6dly9saqmqa-ginkgo-2.27.2",
              "default": true
            }
          ],
          "store_path": "/nix/store/4ad1i1ym4lmxyg86zdbss6dly9saqmqa-ginkgo-2.27.2"
        },
        "aarch64-linux": {
          "outputs": [
            {
              "name": "out",
              "path": "/nix/store/5fm8j9f2fja0xy1n9csq1rksf7z915x5-ginkgo-2.27.2",
              "default": true
            }
          ],
          "store_path": "/nix/store/5fm8j9f2fja0xy1n9csq1rksf7z915x5-ginkgo-2.27.2"
        },
        "x86_64-darwin": {
          "outputs": [
            {
              "name": "out",
              "path": "/nix/store/lmmfvnqry5zc6syd1mbdnr33jq306rxq-ginkgo-2.27.2",
              "default": true
            }
          ],
          "store_path": "/nix/store/lmmfvnqry5zc6syd1mbdnr33jq306rxq-ginkgo-2.27.2"
        },
        "x86_64-linux": {
          "outputs": [
            {
              "name": "out",
              "path": "/nix/store/8s2iiipzlm2v9vm3p102g75axi7k1pxi-ginkgo-2.27.2",
              "default": true
            }
          ],
          "store_path": "/nix/store/8s2iiipzlm2v9vm3p102g75axi7k1pxi-ginkgo-2.27.2"
        }
      }
    },
    "git@latest": {
      "last_modified": "2025-11-15T07:28:48Z",
      "resolved": "github:NixOS/nixpkgs/1d4c88323ac36805d09657d13a5273aea1b34f0c#git",
      "source": "devbox-search",
      "version": "2.51.2",
      "systems": {
        "aarch64-darwin": {
          "outputs": [
            {
              "name": "out",
              "path": "/nix/store/k2vlwnvjcmnig77p65zipibvvim8rxq7-git-2.51.2",
              "default": true
            },
            {
              "name": "doc",
              "path": "/nix/store/6x44hx2f6g1y1viiaian2bvypb8djq39-git-2.51.2-doc"
            }
          ],
          "store_path": "/nix/store/k2vlwnvjcmnig77p65zipibvvim8rxq7-git-2.51.2"
        },
        "aarch64-linux": {
          "outputs": [
            {
              "name": "out",
              "path": "/nix/store/55j9qicj9fghz8yk3xsn2y9ab5mj4jdr-git-2.51.2",
              "default": true
            },
            {
              "name": "debug",
              "path": "/nix/store/vspa1pprrnj7xz3bhqayzih5mi7vhvvh-git-2.51.2-debug"
            },
            {
              "name": "doc",
              "path": "/nix/store/6zdv508cvrgfsnvvv5003ivsfcqngfvs-git-2.51.2-doc"
            }
          ],
          "store_path": "/nix/store/55j9qicj9fghz8yk3xsn2y9ab5mj4jdr-git-2.51.2"
        },
        "x86_64-darwin": {
          "outputs": [
            {
              "name": "out",
              "path": "/nix/store/sz4zzn7y6gal019wmqzxvcxc97wkgp9n-git-2.51.2",
              "default": true
            },
            {
              "name": "doc",
              "path": "/nix/store/np4lannd0w8jpagqw7mry4gklr903s2n-git-2.51.2-doc"
            }
          ],
          "store_path": "/nix/store/sz4zzn7y6gal019wmqzxvcxc97wkgp9n-git-2.51.2"
        },
        "x86_64-linux": {
          "outputs": [
            {
              "name": "out",
              "path": "/nix/store/q6jjgnyivwx7r4wynsi6g36k6srfy7mk-git-2.51.2",
              "default": true
            },
            {
              "name": "debug",
              "path": "/nix/store/f6zjr2bcd31qpvj4d4qsvqhfnnyc1kaz-git-2.51.2-debug"
            },
            {
              "name": "doc",
              "path": "/nix/store/9bir646idszbrn3j3wz98xq4m0kvzgrp-git-2.51.2-doc"
            }
          ],
          "store_path": "/nix/store/q6jjgnyivwx7r4wynsi6g36k6srfy7mk-git-2.51.2"
        }
      }
    },
    "github:NixOS/nixpkgs/nixpkgs-unstable": {
      "last_modified": "2025-11-20T06:07:48Z",
      "resolved": "github:NixOS/nixpkgs/a8d610af3f1a5fb71e23e08434d8d61a466fc942?lastModified=1763618868&narHash=sha256-v5afmLjn%2FuyD9EQuPBn7nZuaZVV9r%2BJerayK%2F4wvdWA%3D"
    },
    "go-licenses@latest": {
      "last_modified": "2025-11-15T07:28:48Z",
      "resolved": "github:NixOS/nixpkgs/1d4c88323ac36805d09657d13a5273aea1b34f0c#go-licenses",
      "source": "devbox-search",
      "version": "1.6.0",
      "systems": {
        "aarch64-darwin": {
          "outputs": [
            {
              "name": "out",
              "path": "/nix/store/ywkz7p7aq571rhxs2vnxhmn2gqdrz1rk-go-licenses-1.6.0",
              "default": true
            }
          ],
          "store_path": "/nix/store/ywkz7p7aq571rhxs2vnxhmn2gqdrz1rk-go-licenses-1.6.0"
        },
        "aarch64-linux": {
          "outputs": [
            {
              "name": "out",
              "path": "/nix/store/q2489mvazm34syvsmw99hqi7malmsbn0-go-licenses-1.6.0",
              "default": true
            }
          ],
          "store_path": "/nix/store/q2489mvazm34syvsmw99hqi7malmsbn0-go-licenses-1.6.0"
        },
        "x86_64-darwin": {
          "outputs": [
            {
              "name": "out",
              "path": "/nix/store/v3dja0m6nc9w6lvylybyg1dpmjfxxkkw-go-licenses-1.6.0",
              "default": true
            }
          ],
          "store_path": "/nix/store/v3dja0m6nc9w6lvylybyg1dpmjfxxkkw-go-licenses-1.6.0"
        },
        "x86_64-linux": {
          "outputs": [
            {
              "name": "out",
              "path": "/nix/store/iyynk9zyzdq9hzd6fx6fr162z4ikpnr7-go-licenses-1.6.0",
              "default": true
            }
          ],
          "store_path": "/nix/store/iyynk9zyzdq9hzd6fx6fr162z4ikpnr7-go-licenses-1.6.0"
        }
      }
    },
    "go@latest": {
      "last_modified": "2025-11-15T07:28:48Z",
      "resolved": "github:NixOS/nixpkgs/1d4c88323ac36805d09657d13a5273aea1b34f0c#go",
      "source": "devbox-search",
      "version": "1.25.3",
      "systems": {
        "aarch64-darwin": {
          "outputs": [
            {
              "name": "out",
              "path": "/nix/store/pkb0xf89mjr3j7b8lvz0vsm4c44vckyh-go-1.25.3",
              "default": true
            }
          ],
          "store_path": "/nix/store/pkb0xf89mjr3j7b8lvz0vsm4c44vckyh-go-1.25.3"
        },
        "aarch64-linux": {
          "outputs": [
            {
              "name": "out",
              "path": "/nix/store/ybh1p0f6sd3i7b66chf3gd8b1yy41p0c-go-1.25.3",
              "default": true
            }
          ],
          "store_path": "/nix/store/ybh1p0f6sd3i7b66chf3gd8b1yy41p0c-go-1.25.3"
        },
        "x86_64-darwin": {
          "outputs": [
            {
              "name": "out",
              "path": "/nix/store/w7nnzc7a6r1s3pg6lmiqwcsabrj17q08-go-1.25.3",
              "default": true
            }
          ],
          "store_path": "/nix/store/w7nnzc7a6r1s3pg6lmiqwcsabrj17q08-go-1.25.3"
        },
        "x86_64-linux": {
          "outputs": [
            {
              "name": "out",
              "path": "/nix/store/rq8lpjjzfymaznpsfvrymhqrvfg854ms-go-1.25.3",
              "default": true
            }
          ],
          "store_path": "/nix/store/rq8lpjjzfymaznpsfvrymhqrvfg854ms-go-1.25.3"
        }
      }
    },
    "golangci-lint@latest": {
      "last_modified": "2025-11-15T07:28:48Z",
      "resolved": "github:NixOS/nixpkgs/1d4c88323ac36805d09657d13a5273aea1b34f0c#golangci-lint",
      "source": "devbox-search",
      "version": "2.6.2",
      "systems": {
        "aarch64-darwin": {
          "outputs": [
            {
              "name": "out",
              "path": "/nix/store/mgbxh2vpk63qjmp4cd8skkqhkvjw8sjy-golangci-lint-2.6.2",
              "default": true
            }
          ],
          "store_path": "/nix/store/mgbxh2vpk63qjmp4cd8skkqhkvjw8sjy-golangci-lint-2.6.2"
        },
        "aarch64-linux": {
          "outputs": [
            {
              "name": "out",
              "path": "/nix/store/4vhv78xyxqhkr2ighc3d5k3rj6zc7yq2-golangci-lint-2.6.2",
              "default": true
            }
          ],
          "store_path": "/nix/store/4vhv78xyxqhkr2ighc3d5k3rj6zc7yq2-golangci-lint-2.6.2"
        },
        "x86_64-darwin": {
          "outputs": [
            {
              "name": "out",
              "path": "/nix/store/zdxfpzyrbavvxkjb8v14jx9i4z4zip84-golangci-lint-2.6.2",
              "default": true
            }
          ],
          "store_path": "/nix/store/zdxfpzyrbavvxkjb8v14jx9i4z4zip84-golangci-lint-2.6.2"
        },
        "x86_64-linux": {
          "outputs": [
            {
              "name": "out",
              "path": "/nix/store/k6my6rh12qn2b7r5i5kmci9j34vrhvmc-golangci-lint-2.6.2",
              "default": true
            }
          ],
          "store_path": "/nix/store/k6my6rh12qn2b7r5i5kmci9j34vrhvmc-golangci-lint-2.6.2"
        }
      }
    },
    "gotests@latest": {
      "last_modified": "2025-11-15T07:28:48Z",
      "resolved": "github:NixOS/nixpkgs/1d4c88323ac36805d09657d13a5273aea1b34f0c#gotests",
      "source": "devbox-search",
      "version": "1.9.0",
      "systems": {
        "aarch64-darwin": {
          "outputs": [
            {
              "name": "out",
              "path": "/nix/store/zd3i4j3x4czzh4rrzd3wc0gaa1gnz6p9-gotests-1.9.0",
              "default": true
            }
          ],
          "store_path": "/nix/store/zd3i4j3x4czzh4rrzd3wc0gaa1gnz6p9-gotests-1.9.0"
        },
        "aarch64-linux": {
          "outputs": [
            {
              "name": "out",
              "path": "/nix/store/an6i2bxfhnrqgprlggbfq31n8fd8k9s2-gotests-1.9.0",
              "default": true
            }
          ],
          "store_path": "/nix/store/an6i2bxfhnrqgprlggbfq31n8fd8k9s2-gotests-1.9.0"
        },
        "x86_64-darwin": {
          "outputs": [
            {
              "name": "out",
              "path": "/nix/store/svd2x2npvjarwh6vdj5y7shc0qgxjzvq-gotests-1.9.0",
              "default": true
            }
          ],
          "store_path": "/nix/store/svd2x2npvjarwh6vdj5y7shc0qgxjzvq-gotests-1.9.0"
        },
        "x86_64-linux": {
          "outputs": [
            {
              "name": "out",
              "path": "/nix/store/43z49cn0283inpdhdpyz9q2aifq3fv0g-gotests-1.9.0",
              "default": true
            }
          ],
          "store_path": "/nix/store/43z49cn0283inpdhdpyz9q2aifq3fv0g-gotests-1.9.0"
        }
      }
    },
    "gotools@latest": {
      "last_modified": "2025-11-15T07:28:48Z",
      "resolved": "github:NixOS/nixpkgs/1d4c88323ac36805d09657d13a5273aea1b34f0c#gotools",
      "source": "devbox-search",
      "version": "0.34.0",
      "systems": {
        "aarch64-darwin": {
          "outputs": [
            {
              "name": "out",
              "path": "/nix/store/kf6qcjlnkfwwfwls1xf6cg1z3dbad3gb-gotools-0.34.0",
              "default": true
            }
          ],
          "store_path": "/nix/store/kf6qcjlnkfwwfwls1xf6cg1z3dbad3gb-gotools-0.34.0"
        },
        "aarch64-linux": {
          "outputs": [
            {
              "name": "out",
              "path": "/nix/store/9flviv2y2i5qg4avgs84c9gz1x5kgiw8-gotools-0.34.0",
              "default": true
            }
          ],
          "store_path": "/nix/store/9flviv2y2i5qg4avgs84c9gz1x5kgiw8-gotools-0.34.0"
        },
        "x86_64-darwin": {
          "outputs": [
            {
              "name": "out",
              "path": "/nix/store/3a9w4pa76m3h5fhmbznqp75bs59j53ln-gotools-0.34.0",
              "default": true
            }
          ],
          "store_path": "/nix/store/3a9w4pa76m3h5fhmbznqp75bs59j53ln-gotools-0.34.0"
        },
        "x86_64-linux": {
          "outputs": [
            {
              "name": "out",
              "path": "/nix/store/qygih0b5spgrp3dgag12qazkna84ad5v-gotools-0.34.0",
              "default": true
            }
          ],
          "store_path": "/nix/store/qygih0b5spgrp3dgag12qazkna84ad5v-gotools-0.34.0"
        }
      }
    },
    "govulncheck@latest": {
      "last_modified": "2025-11-15T07:28:48Z",
      "resolved": "github:NixOS/nixpkgs/1d4c88323ac36805d09657d13a5273aea1b34f0c#govulncheck",
      "source": "devbox-search",
      "version": "1.1.4",
      "systems": {
        "aarch64-darwin": {
          "outputs": [
            {
              "name": "out",
              "path": "/nix/store/phf6jj4w7k6pk9lav6l0p3qmv48k00i3-govulncheck-1.1.4",
              "default": true
            }
          ],
          "store_path": "/nix/store/phf6jj4w7k6pk9lav6l0p3qmv48k00i3-govulncheck-1.1.4"
        },
        "aarch64-linux": {
          "outputs": [
            {
              "name": "out",
              "path": "/nix/store/v5pdnv44gfr9kmpsb3mfni17lxkjwzh1-govulncheck-1.1.4",
              "default": true
            }
          ],
          "store_path": "/nix/store/v5pdnv44gfr9kmpsb3mfni17lxkjwzh1-govulncheck-1.1.4"
        },
        "x86_64-darwin": {
          "outputs": [
            {
              "name": "out",
              "path": "/nix/store/k977vnmjmmyiibbhmycpx5xxgg4dpjyw-govulncheck-1.1.4",
              "default": true
            }
          ],
          "store_path": "/nix/store/k977vnmjmmyiibbhmycpx5xxgg4dpjyw-govulncheck-1.1.4"
        },
        "x86_64-linux": {
          "outputs": [
            {
              "name": "out",
              "path": "/nix/store/wwypwqah1lzjvgrp19pbmgr4lvzcbmh8-govulncheck-1.1.4",
              "default": true
            }
          ],
          "store_path": "/nix/store/wwypwqah1lzjvgrp19pbmgr4lvzcbmh8-govulncheck-1.1.4"
        }
      }
    },
    "jq@latest": {
      "last_modified": "2025-11-18T03:14:24Z",
      "resolved": "github:NixOS/nixpkgs/0ade817efdde79cbc46b624c849027335ebc25c5#jq",
      "source": "devbox-search",
      "version": "1.8.1",
      "systems": {
        "aarch64-darwin": {
          "outputs": [
            {
              "name": "bin",
              "path": "/nix/store/hj66dnrdllkidzm3yl840n85qvflybiw-jq-1.8.1-bin",
              "default": true
            },
            {
              "name": "man",
              "path": "/nix/store/gwszffrxwyfsvrwlk40aialj1nr8xjg1-jq-1.8.1-man",
              "default": true
            },
            {
              "name": "dev",
              "path": "/nix/store/rjhvnnci60jmyrr91fbc5pv5g7zhx44z-jq-1.8.1-dev"
            },
            {
              "name": "doc",
              "path": "/nix/store/8jnv0d701i3w8r7aylw86c57cb1yc1rl-jq-1.8.1-doc"
            },
            {
              "name": "out",
              "path": "/nix/store/wjs9n35srzrv2frs2r4dsc8dxx2spwr2-jq-1.8.1"
            }
          ],
          "store_path": "/nix/store/hj66dnrdllkidzm3yl840n85qvflybiw-jq-1.8.1-bin"
        },
        "aarch64-linux": {
          "outputs": [
            {
              "name": "bin",
              "path": "/nix/store/pkb3hk4g46vm656gcd7rckcw9vfr2h7p-jq-1.8.1-bin",
              "default": true
            },
            {
              "name": "man",
              "path": "/nix/store/j0qw73im7c8gqhni87dmjlgnp200iaah-jq-1.8.1-man",
              "default": true
            },
            {
              "name": "out",
              "path": "/nix/store/vbq92kscq4f6mh8jnf20i1g22hng13x1-jq-1.8.1"
            },
            {
              "name": "dev",
              "path": "/nix/store/4898rw4jac7z9ay93p72i1n235a2lmsy-jq-1.8.1-dev"
            },
            {
              "name": "doc",
              "path": "/nix/store/l23rq3gzr9bz02xlpg92y2lw0yxkdckh-jq-1.8.1-doc"
            }
          ],
          "store_path": "/nix/store/pkb3hk4g46vm656gcd7rckcw9vfr2h7p-jq-1.8.1-bin"
        },
        "x86_64-darwin": {
          "outputs": [
            {
              "name": "bin",
              "path": "/nix/store/pz9k36gd0mqdg2mcmafkcmnkhp7881rf-jq-1.8.1-bin",
              "default": true
            },
            {
              "name": "man",
              "path": "/nix/store/sxq38g57w0n864mvvgprhi3gk56kyvdr-jq-1.8.1-man",
              "default": true
            },
            {
              "name": "out",
              "path": "/nix/store/js9nmc0h3v7igb4y6z31imwrhj487zdz-jq-1.8.1"
            },
            {
              "name": "dev",
              "path": "/nix/store/i1jln7lyynjpyxw4pz1nfpb2jinikg2g-jq-1.8.1-dev"
            },
            {
              "name": "doc",
              "path": "/nix/store/93w0wf4rv1kldk1xfnzhhmh2rydcgmza-jq-1.8.1-doc"
            }
          ],
          "store_path": "/nix/store/pz9k36gd0mqdg2mcmafkcmnkhp7881rf-jq-1.8.1-bin"
        },
        "x86_64-linux": {
          "outputs": [
            {
              "name": "bin",
              "path": "/nix/store/c6rkwr11izd7jvkrfcg6pygild509nvm-jq-1.8.1-bin",
              "default": true
            },
            {
              "name": "man",
              "path": "/nix/store/n5y4w24f4w2wgqhpbw6cgc431q1f7agh-jq-1.8.1-man",
              "default": true
            },
            {
              "name": "dev",
              "path": "/nix/store/25ixq10lb7ppch0qvrgb0fd36ldpwshf-jq-1.8.1-dev"
            },
            {
              "name": "doc",
              "path": "/nix/store/3c7i8848442hvc74jhwwwszp27haiv6v-jq-1.8.1-doc"
            },
            {
              "name": "out",
              "path": "/nix/store/iiv41cngzdr0925wzi4z14ii7d8kx2d4-jq-1.8.1"
            }
          ],
          "store_path": "/nix/store/c6rkwr11izd7jvkrfcg6pygild509nvm-jq-1.8.1-bin"
        }
      }
    },
    "kubebuilder@latest": {
      "last_modified": "2025-11-15T07:28:48Z",
      "resolved": "github:NixOS/nixpkgs/1d4c88323ac36805d09657d13a5273aea1b34f0c#kubebuilder",
      "source": "devbox-search",
      "version": "4.9.0",
      "systems": {
        "aarch64-darwin": {
          "outputs": [
            {
              "name": "out",
              "path": "/nix/store/z9zs56w2q5vmg3n09mrn0mq1fg3gzbbl-kubebuilder-4.9.0",
              "default": true
            }
          ],
          "store_path": "/nix/store/z9zs56w2q5vmg3n09mrn0mq1fg3gzbbl-kubebuilder-4.9.0"
        },
        "aarch64-linux": {
          "outputs": [
            {
              "name": "out",
              "path": "/nix/store/qg8h3c3zpjyrbgdfdamzlhpvs3i2x99d-kubebuilder-4.9.0",
              "default": true
            }
          ],
          "store_path": "/nix/store/qg8h3c3zpjyrbgdfdamzlhpvs3i2x99d-kubebuilder-4.9.0"
        },
        "x86_64-darwin": {
          "outputs": [
            {
              "name": "out",
              "path": "/nix/store/wslj0vgan33pjim2a866a92bh8x3rjyk-kubebuilder-4.9.0",
              "default": true
            }
          ],
          "store_path": "/nix/store/wslj0vgan33pjim2a866a92bh8x3rjyk-kubebuilder-4.9.0"
        },
        "x86_64-linux": {
          "outputs": [
            {
              "name": "out",
              "path": "/nix/store/2cwxly46n3z1l2766a8phyc4c6ppv62n-kubebuilder-4.9.0",
              "default": true
            }
          ],
          "store_path": "/nix/store/2cwxly46n3z1l2766a8phyc4c6ppv62n-kubebuilder-4.9.0"
        }
      }
    },
    "kubectl@latest": {
      "last_modified": "2025-11-15T07:28:48Z",
      "resolved": "github:NixOS/nixpkgs/1d4c88323ac36805d09657d13a5273aea1b34f0c#kubectl",
      "source": "devbox-search",
      "version": "1.34.1",
      "systems": {
        "aarch64-darwin": {
          "outputs": [
            {
              "name": "out",
              "path": "/nix/store/b6ysyxc73z9h1y2cw10l8hnr6193c1lm-kubectl-1.34.1",
              "default": true
            },
            {
              "name": "man",
              "path": "/nix/store/50lkrmajszgi05dljdxhnzhzhpiqm7ja-kubectl-1.34.1-man",
              "default": true
            },
            {
              "name": "convert",
              "path": "/nix/store/s3i31vr01qbjpizfdi9hma8zhy9bzrnb-kubectl-1.34.1-convert"
            }
          ],
          "store_path": "/nix/store/b6ysyxc73z9h1y2cw10l8hnr6193c1lm-kubectl-1.34.1"
        },
        "aarch64-linux": {
          "outputs": [
            {
              "name": "out",
              "path": "/nix/store/ihxrlm5fmx48wr5pijl32q2fli4j9656-kubectl-1.34.1",
              "default": true
            },
            {
              "name": "man",
              "path": "/nix/store/qbw5rz6v9d749gl86m5sglcjs1d8kg32-kubectl-1.34.1-man",
              "default": true
            },
            {
              "name": "convert",
              "path": "/nix/store/4igvxipyj1yzw4ncgp4008mmcwxkszbc-kubectl-1.34.1-convert"
            }
          ],
          "store_path": "/nix/store/ihxrlm5fmx48wr5pijl32q2fli4j9656-kubectl-1.34.1"
        },
        "x86_64-darwin": {
          "outputs": [
            {
              "name": "out",
              "path": "/nix/store/fscf4zksnm1hakwi1rnhh4mi677484gi-kubectl-1.34.1",
              "default": true
            },
            {
              "name": "man",
              "path": "/nix/store/5dqgjrhn2y12qxgr8lywqcp62bm38532-kubectl-1.34.1-man",
              "default": true
            },
            {
              "name": "convert",
              "path": "/nix/store/imsx4fi4l9p0xj9zz32491lyxbmik2cv-kubectl-1.34.1-convert"
            }
          ],
          "store_path": "/nix/store/fscf4zksnm1hakwi1rnhh4mi677484gi-kubectl-1.34.1"
        },
        "x86_64-linux": {
          "outputs": [
            {
              "name": "out",
              "path": "/nix/store/4dqxinvhlmlgg6hfp7wghv3rq5y375mp-kubectl-1.34.1",
              "default": true
            },
            {
              "name": "man",
              "path": "/nix/store/hldhp2vblr9xgw4nznk9s88cwk19laim-kubectl-1.34.1-man",
              "default": true
            },
            {
              "name": "convert",
              "path": "/nix/store/247bns0aahfq9icz8v8smjs017nw8n42-kubectl-1.34.1-convert"
            }
          ],
          "store_path": "/nix/store/4dqxinvhlmlgg6hfp7wghv3rq5y375mp-kubectl-1.34.1"
        }
      }
    },
    "kubernetes-controller-tools@latest": {
      "last_modified": "2025-11-15T07:28:48Z",
      "resolved": "github:NixOS/nixpkgs/1d4c88323ac36805d09657d13a5273aea1b34f0c#kubernetes-controller-tools",
      "source": "devbox-search",
      "version": "0.19.0",
      "systems": {
        "aarch64-darwin": {
          "outputs": [
            {
              "name": "out",
              "path": "/nix/store/hb8k3828cqddrfd6vi6f36c61jkg28xp-controller-tools-0.19.0",
              "default": true
            }
          ],
          "store_path": "/nix/store/hb8k3828cqddrfd6vi6f36c61jkg28xp-controller-tools-0.19.0"
        },
        "aarch64-linux": {
          "outputs": [
            {
              "name": "out",
              "path": "/nix/store/lzng9v83yz37q8gmp5jxfr77cg55bcjk-controller-tools-0.19.0",
              "default": true
            }
          ],
          "store_path": "/nix/store/lzng9v83yz37q8gmp5jxfr77cg55bcjk-controller-tools-0.19.0"
        },
        "x86_64-darwin": {
          "outputs": [
            {
              "name": "out",
              "path": "/nix/store/sq8abiyjhil747hiripgyg0nb308lbh5-controller-tools-0.19.0",
              "default": true
            }
          ],
          "store_path": "/nix/store/sq8abiyjhil747hiripgyg0nb308lbh5-controller-tools-0.19.0"
        },
        "x86_64-linux": {
          "outputs": [
            {
              "name": "out",
              "path": "/nix/store/wi5valwpjzmwh1gh1swrpik4l1jdjyww-controller-tools-0.19.0",
              "default": true
            }
          ],
          "store_path": "/nix/store/wi5valwpjzmwh1gh1swrpik4l1jdjyww-controller-tools-0.19.0"
        }
      }
    },
    "kubernetes-helm@latest": {
      "last_modified": "2025-11-15T07:28:48Z",
      "resolved": "github:NixOS/nixpkgs/1d4c88323ac36805d09657d13a5273aea1b34f0c#kubernetes-helm",
      "source": "devbox-search",
      "version": "3.19.1",
      "systems": {
        "aarch64-darwin": {
          "outputs": [
            {
              "name": "out",
              "path": "/nix/store/jn5y9v07xxy3jlr0adfnmkpji15vyp9r-kubernetes-helm-3.19.1",
              "default": true
            }
          ],
          "store_path": "/nix/store/jn5y9v07xxy3jlr0adfnmkpji15vyp9r-kubernetes-helm-3.19.1"
        },
        "aarch64-linux": {
          "outputs": [
            {
              "name": "out",
              "path": "/nix/store/27whsq3r89xwlbpnmad3g4v92rifz5kk-kubernetes-helm-3.19.1",
              "default": true
            }
          ],
          "store_path": "/nix/store/27whsq3r89xwlbpnmad3g4v92rifz5kk-kubernetes-helm-3.19.1"
        },
        "x86_64-darwin": {
          "outputs": [
            {
              "name": "out",
              "path": "/nix/store/6kwiv4klfc10hw6b29x8qm19f4lmfmra-kubernetes-helm-3.19.1",
              "default": true
            }
          ],
          "store_path": "/nix/store/6kwiv4klfc10hw6b29x8qm19f4lmfmra-kubernetes-helm-3.19.1"
        },
        "x86_64-linux": {
          "outputs": [
            {
              "name": "out",
              "path": "/nix/store/l0ixqvgf9swj3b19w8jy2q3lx53c54vs-kubernetes-helm-3.19.1",
              "default": true
            }
          ],
          "store_path": "/nix/store/l0ixqvgf9swj3b19w8jy2q3lx53c54vs-kubernetes-helm-3.19.1"
        }
      }
    },
    "kustomize@4.3": {
      "last_modified": "2021-10-22T02:15:45Z",
      "resolved": "github:NixOS/nixpkgs/718895c14907b60069520b6394b4dbb6e3aa9c33#kustomize",
      "source": "devbox-search",
      "version": "4.3.0",
      "systems": {
        "aarch64-darwin": {
          "outputs": [
            {
              "path": "/nix/store/72hchxzawfrj0ayhqcb57wyz11320w13-kustomize-4.3.0",
              "default": true
            }
          ]
        },
        "x86_64-linux": {
          "outputs": [
            {
              "path": "/nix/store/cyxijsvrvl4v986z606yirrdk4pzcqj8-kustomize-4.3.0",
              "default": true
            }
          ]
        }
      }
    },
    "operator-sdk@latest": {
      "last_modified": "2025-11-15T07:28:48Z",
      "resolved": "github:NixOS/nixpkgs/1d4c88323ac36805d09657d13a5273aea1b34f0c#operator-sdk",
      "source": "devbox-search",
      "version": "1.39.2",
      "systems": {
        "aarch64-darwin": {
          "outputs": [
            {
              "name": "out",
              "path": "/nix/store/8jwjx6fgk6njzgdwwjik5apxlihq3sx4-operator-sdk-1.39.2",
              "default": true
            }
          ],
          "store_path": "/nix/store/8jwjx6fgk6njzgdwwjik5apxlihq3sx4-operator-sdk-1.39.2"
        },
        "aarch64-linux": {
          "outputs": [
            {
              "name": "out",
              "path": "/nix/store/p0pjrvyy8nj48kf160f673z9z8g1a461-operator-sdk-1.39.2",
              "default": true
            }
          ],
          "store_path": "/nix/store/p0pjrvyy8nj48kf160f673z9z8g1a461-operator-sdk-1.39.2"
        },
        "x86_64-darwin": {
          "outputs": [
            {
              "name": "out",
              "path": "/nix/store/a5sm4qb0x344a80z564cri7ra5579w5q-operator-sdk-1.39.2",
              "default": true
            }
          ],
          "store_path": "/nix/store/a5sm4qb0x344a80z564cri7ra5579w5q-operator-sdk-1.39.2"
        },
        "x86_64-linux": {
          "outputs": [
            {
              "name": "out",
              "path": "/nix/store/liy0bsip53r9hwsx10swirjdhaqi3apd-operator-sdk-1.39.2",
              "default": true
            }
          ],
          "store_path": "/nix/store/liy0bsip53r9hwsx10swirjdhaqi3apd-operator-sdk-1.39.2"
        }
      }
    },
    "shellcheck@latest": {
      "last_modified": "2025-11-15T07:28:48Z",
      "resolved": "github:NixOS/nixpkgs/1d4c88323ac36805d09657d13a5273aea1b34f0c#shellcheck",
      "source": "devbox-search",
      "version": "0.11.0",
      "systems": {
        "aarch64-darwin": {
          "outputs": [
            {
              "name": "bin",
              "path": "/nix/store/c926z7s9llph5zj1lc69ppacld78vbd4-shellcheck-0.11.0-bin",
              "default": true
            },
            {
              "name": "man",
              "path": "/nix/store/62391117690a411spyr9a3f0l6zcap7y-shellcheck-0.11.0-man",
              "default": true
            },
            {
              "name": "doc",
              "path": "/nix/store/p3ckbksf01a2ikis44ima6m2mq3lxaav-shellcheck-0.11.0-doc",
              "default": true
            },
            {
              "name": "out",
              "path": "/nix/store/bbplwfk4pby68yivcxq0jdqnv0bacnk1-shellcheck-0.11.0"
            }
          ],
          "store_path": "/nix/store/c926z7s9llph5zj1lc69ppacld78vbd4-shellcheck-0.11.0-bin"
        },
        "aarch64-linux": {
          "outputs": [
            {
              "name": "bin",
              "path": "/nix/store/qswbz14wqi88c5qa64qllis07m1nf6vv-shellcheck-0.11.0-bin",
              "default": true
            },
            {
              "name": "man",
              "path": "/nix/store/j85gjypnhkzaryr2ki8y5ib2wrlxjq63-shellcheck-0.11.0-man",
              "default": true
            },
            {
              "name": "doc",
              "path": "/nix/store/4iawr1yqbd5fsgmsvzq46q1km28v4szh-shellcheck-0.11.0-doc",
              "default": true
            },
            {
              "name": "out",
              "path": "/nix/store/9h9jhg441g96hys3j5fpddzznaylncr2-shellcheck-0.11.0"
            }
          ],
          "store_path": "/nix/store/qswbz14wqi88c5qa64qllis07m1nf6vv-shellcheck-0.11.0-bin"
        },
        "x86_64-darwin": {
          "outputs": [
            {
              "name": "bin",
              "path": "/nix/store/mnpc3w498k3lykbzkmr4ssaj6p7npzhm-shellcheck-0.11.0-bin",
              "default": true
            },
            {
              "name": "man",
              "path": "/nix/store/lp6laa0nbhz90432pmazx62ija2z7dzh-shellcheck-0.11.0-man",
              "default": true
            },
            {
              "name": "doc",
              "path": "/nix/store/gi62bnwzml3ks55ssjk4zz0230cfq83n-shellcheck-0.11.0-doc",
              "default": true
            },
            {
              "name": "out",
              "path": "/nix/store/8ccb6yalfxl8nqkw772nn2pp01222lyd-shellcheck-0.11.0"
            }
          ],
          "store_path": "/nix/store/mnpc3w498k3lykbzkmr4ssaj6p7npzhm-shellcheck-0.11.0-bin"
        },
        "x86_64-linux": {
          "outputs": [
            {
              "name": "bin",
              "path": "/nix/store/1lbb14yr6zs2wp94yfdndswzhn0wgzjk-shellcheck-0.11.0-bin",
              "default": true
            },
            {
              "name": "man",
              "path": "/nix/store/b2p2pjalqk8ws7k0g19bxwncnmx5nbzh-shellcheck-0.11.0-man",
              "default": true
            },
            {
              "name": "doc",
              "path": "/nix/store/zcdrm13vdj7pq6w9hgx3g3ahzimin2ni-shellcheck-0.11.0-doc",
              "default": true
            },
            {
              "name": "out",
              "path": "/nix/store/x91xi1ahcf3b95mfxpw5zp85pw5ny7iy-shellcheck-0.11.0"
            }
          ],
          "store_path": "/nix/store/1lbb14yr6zs2wp94yfdndswzhn0wgzjk-shellcheck-0.11.0-bin"
        }
      }
    },
    "wget@latest": {
      "last_modified": "2025-11-15T07:28:48Z",
      "resolved": "github:NixOS/nixpkgs/1d4c88323ac36805d09657d13a5273aea1b34f0c#wget",
      "source": "devbox-search",
      "version": "1.25.0",
      "systems": {
        "aarch64-darwin": {
          "outputs": [
            {
              "name": "out",
              "path": "/nix/store/k38b35mgzyf1hza9k2h80s45lr1c3hx1-wget-1.25.0",
              "default": true
            }
          ],
          "store_path": "/nix/store/k38b35mgzyf1hza9k2h80s45lr1c3hx1-wget-1.25.0"
        },
        "aarch64-linux": {
          "outputs": [
            {
              "name": "out",
              "path": "/nix/store/gj6fdzqk2ga4kxs0zxb1f7x4ayhpkq33-wget-1.25.0",
              "default": true
            }
          ],
          "store_path": "/nix/store/gj6fdzqk2ga4kxs0zxb1f7x4ayhpkq33-wget-1.25.0"
        },
        "x86_64-darwin": {
          "outputs": [
            {
              "name": "out",
              "path": "/nix/store/1vlprgp5jmzfrj6v9rhd2fq3ggq13b2r-wget-1.25.0",
              "default": true
            }
          ],
          "store_path": "/nix/store/1vlprgp5jmzfrj6v9rhd2fq3ggq13b2r-wget-1.25.0"
        },
        "x86_64-linux": {
          "outputs": [
            {
              "name": "out",
              "path": "/nix/store/p49y5v0jlcbs4mgpamfm9xig3ix9bvva-wget-1.25.0",
              "default": true
            }
          ],
          "store_path": "/nix/store/p49y5v0jlcbs4mgpamfm9xig3ix9bvva-wget-1.25.0"
        }
      }
    },
    "yq-go@latest": {
      "last_modified": "2025-11-16T17:00:02Z",
      "resolved": "github:NixOS/nixpkgs/85a6c4a07faa12aaccd81b36ba9bfc2bec974fa1#yq-go",
      "source": "devbox-search",
      "version": "4.48.2",
      "systems": {
        "aarch64-darwin": {
          "outputs": [
            {
              "name": "out",
              "path": "/nix/store/n1vvgbf7qns1g4ahxcc6ha0875p8v964-yq-go-4.48.2",
              "default": true
            }
          ],
          "store_path": "/nix/store/n1vvgbf7qns1g4ahxcc6ha0875p8v964-yq-go-4.48.2"
        },
        "aarch64-linux": {
          "outputs": [
            {
              "name": "out",
              "path": "/nix/store/ghcn60fpwdi1p7f9sc2ckk47wqs9f3kj-yq-go-4.48.2",
              "default": true
            }
          ],
          "store_path": "/nix/store/ghcn60fpwdi1p7f9sc2ckk47wqs9f3kj-yq-go-4.48.2"
        },
        "x86_64-darwin": {
          "outputs": [
            {
              "name": "out",
              "path": "/nix/store/z3a9lyjrndq71ixy920mambq249474g3-yq-go-4.48.2",
              "default": true
            }
          ],
          "store_path": "/nix/store/z3a9lyjrndq71ixy920mambq249474g3-yq-go-4.48.2"
        },
        "x86_64-linux": {
          "outputs": [
            {
              "name": "out",
              "path": "/nix/store/bksf990a8idvszldcfpjalwmnsdir3xi-yq-go-4.48.2",
              "default": true
            }
          ],
          "store_path": "/nix/store/bksf990a8idvszldcfpjalwmnsdir3xi-yq-go-4.48.2"
        }
      }
    }
  }
}
