{
  "lockfile_version": "1",
  "packages": {
    "act@latest": {
      "last_modified": "2024-09-02T11:22:49Z",
      "resolved": "github:NixOS/nixpkgs/51b45dc262830ab95c7b9b039bb4f911d4b2509b#act",
      "source": "devbox-search",
      "version": "0.2.66",
      "systems": {
        "aarch64-darwin": {
          "outputs": [
            {
              "name": "out",
              "path": "/nix/store/xsb3xvv1ykiwx3nzhyfrj73rg0xn5xhn-act-0.2.66",
              "default": true
            }
          ],
          "store_path": "/nix/store/xsb3xvv1ykiwx3nzhyfrj73rg0xn5xhn-act-0.2.66"
        },
        "aarch64-linux": {
          "outputs": [
            {
              "name": "out",
              "path": "/nix/store/67s2rq7v7zl8ngscbkwaq9nwcwpp5z6w-act-0.2.66",
              "default": true
            }
          ],
          "store_path": "/nix/store/67s2rq7v7zl8ngscbkwaq9nwcwpp5z6w-act-0.2.66"
        },
        "x86_64-darwin": {
          "outputs": [
            {
              "name": "out",
              "path": "/nix/store/8rb00mdrb2chdjf5wnzwappzjryvbdza-act-0.2.66",
              "default": true
            }
          ],
          "store_path": "/nix/store/8rb00mdrb2chdjf5wnzwappzjryvbdza-act-0.2.66"
        },
        "x86_64-linux": {
          "outputs": [
            {
              "name": "out",
              "path": "/nix/store/dnn49567187ix3hlgykg3sxlm8gyk9wq-act-0.2.66",
              "default": true
            }
          ],
          "store_path": "/nix/store/dnn49567187ix3hlgykg3sxlm8gyk9wq-act-0.2.66"
        }
      }
    },
    "cosign@latest": {
      "last_modified": "2024-08-31T10:12:23Z",
      "resolved": "github:NixOS/nixpkgs/5629520edecb69630a3f4d17d3d33fc96c13f6fe#cosign",
      "source": "devbox-search",
      "version": "2.4.0",
      "systems": {
        "aarch64-darwin": {
          "outputs": [
            {
              "name": "out",
              "path": "/nix/store/s497wb65b2w5kvbxwzrbr5hhb27g5vj1-cosign-2.4.0",
              "default": true
            }
          ],
          "store_path": "/nix/store/s497wb65b2w5kvbxwzrbr5hhb27g5vj1-cosign-2.4.0"
        },
        "aarch64-linux": {
          "outputs": [
            {
              "name": "out",
              "path": "/nix/store/ymgi3x178ah4w388yh72abca53mdl0w9-cosign-2.4.0",
              "default": true
            }
          ],
          "store_path": "/nix/store/ymgi3x178ah4w388yh72abca53mdl0w9-cosign-2.4.0"
        },
        "x86_64-darwin": {
          "outputs": [
            {
              "name": "out",
              "path": "/nix/store/0dgz7mwwy1isy6bhfxmldxbh5wbms0hv-cosign-2.4.0",
              "default": true
            }
          ],
          "store_path": "/nix/store/0dgz7mwwy1isy6bhfxmldxbh5wbms0hv-cosign-2.4.0"
        },
        "x86_64-linux": {
          "outputs": [
            {
              "name": "out",
              "path": "/nix/store/agqnciqzx351ar9p4zbvydyk4dily2rf-cosign-2.4.0",
              "default": true
            }
          ],
          "store_path": "/nix/store/agqnciqzx351ar9p4zbvydyk4dily2rf-cosign-2.4.0"
        }
      }
    },
    "docker@latest": {
      "last_modified": "2024-08-31T10:12:23Z",
      "resolved": "github:NixOS/nixpkgs/5629520edecb69630a3f4d17d3d33fc96c13f6fe#docker",
      "source": "devbox-search",
      "version": "27.1.1",
      "systems": {
        "aarch64-darwin": {
          "outputs": [
            {
              "name": "out",
              "path": "/nix/store/ing3y7azn82a3lq5a879x0liqkb7149y-docker-27.1.1",
              "default": true
            }
          ],
          "store_path": "/nix/store/ing3y7azn82a3lq5a879x0liqkb7149y-docker-27.1.1"
        },
        "aarch64-linux": {
          "outputs": [
            {
              "name": "out",
              "path": "/nix/store/gh7437wzkp0vpay1b4b5iayhjg4zblbf-docker-27.1.1",
              "default": true
            }
          ],
          "store_path": "/nix/store/gh7437wzkp0vpay1b4b5iayhjg4zblbf-docker-27.1.1"
        },
        "x86_64-darwin": {
          "outputs": [
            {
              "name": "out",
              "path": "/nix/store/pjvibzzskcry4rapsgwfka77zdi87i1v-docker-27.1.1",
              "default": true
            }
          ],
          "store_path": "/nix/store/pjvibzzskcry4rapsgwfka77zdi87i1v-docker-27.1.1"
        },
        "x86_64-linux": {
          "outputs": [
            {
              "name": "out",
              "path": "/nix/store/7066sdg1nfvgc4az70p2kb7563qqvcwx-docker-27.1.1",
              "default": true
            }
          ],
          "store_path": "/nix/store/7066sdg1nfvgc4az70p2kb7563qqvcwx-docker-27.1.1"
        }
      }
    },
    "gettext@latest": {
      "last_modified": "2024-09-03T04:23:05Z",
      "resolved": "github:NixOS/nixpkgs/45508c1098a3fb7140ae3d86414cee8f5ee7511c#gettext",
      "source": "devbox-search",
      "version": "0.21.1",
      "systems": {
        "aarch64-darwin": {
          "outputs": [
            {
              "name": "out",
              "path": "/nix/store/rrfsj0jhx8rqmx173czalh4aslgaw4gl-gettext-0.21.1",
              "default": true
            },
            {
              "name": "man",
              "path": "/nix/store/017v6a8hnkyqwz7l049nhr080zyg8knn-gettext-0.21.1-man",
              "default": true
            },
            {
              "name": "doc",
              "path": "/nix/store/hqxyj0c028hc42n4c81g560gbbpvbkcb-gettext-0.21.1-doc"
            },
            {
              "name": "info",
              "path": "/nix/store/4b77q9w7dxc2l9hhxiks3n80rc6d8j6s-gettext-0.21.1-info"
            }
          ],
          "store_path": "/nix/store/rrfsj0jhx8rqmx173czalh4aslgaw4gl-gettext-0.21.1"
        },
        "aarch64-linux": {
          "outputs": [
            {
              "name": "out",
              "path": "/nix/store/5wyyrxzyiahc4fc42p1495x52pmc4gl5-gettext-0.21.1",
              "default": true
            },
            {
              "name": "man",
              "path": "/nix/store/pi9i0s8ircq4qi6l5baskig1zizwcy4b-gettext-0.21.1-man",
              "default": true
            },
            {
              "name": "doc",
              "path": "/nix/store/99qr5mhlh2c3w31772sxmmzz9qhj6qx3-gettext-0.21.1-doc"
            },
            {
              "name": "info",
              "path": "/nix/store/488f6zfnrpkzngw1mzs80ia5zp70sskf-gettext-0.21.1-info"
            }
          ],
          "store_path": "/nix/store/5wyyrxzyiahc4fc42p1495x52pmc4gl5-gettext-0.21.1"
        },
        "x86_64-darwin": {
          "outputs": [
            {
              "name": "out",
              "path": "/nix/store/265spka8yknzcdp5ms037rkzinydgkfb-gettext-0.21.1",
              "default": true
            },
            {
              "name": "man",
              "path": "/nix/store/85qldhcbixjmahwlwjrsqgsg11m2vds5-gettext-0.21.1-man",
              "default": true
            },
            {
              "name": "doc",
              "path": "/nix/store/wc6hhpg7j465gvzk8rr5a1pdf17g46ym-gettext-0.21.1-doc"
            },
            {
              "name": "info",
              "path": "/nix/store/fm3x8x34cqlfp77gjwprwnm0r56rifbf-gettext-0.21.1-info"
            }
          ],
          "store_path": "/nix/store/265spka8yknzcdp5ms037rkzinydgkfb-gettext-0.21.1"
        },
        "x86_64-linux": {
          "outputs": [
            {
              "name": "out",
              "path": "/nix/store/4h0chd6cwrs7iyzmn8hk735al1mmvxsk-gettext-0.21.1",
              "default": true
            },
            {
              "name": "man",
              "path": "/nix/store/pvbsl68dqa65lr0w7h6pq3gpb00r9l2d-gettext-0.21.1-man",
              "default": true
            },
            {
              "name": "doc",
              "path": "/nix/store/hhzzibgyif48khnr0r8217jj7in9iskr-gettext-0.21.1-doc"
            },
            {
              "name": "info",
              "path": "/nix/store/gs5kabp8iycryzdcjrffnikvw5gfnhha-gettext-0.21.1-info"
            }
          ],
          "store_path": "/nix/store/4h0chd6cwrs7iyzmn8hk735al1mmvxsk-gettext-0.21.1"
        }
      }
    },
    "ginkgo@latest": {
      "last_modified": "2024-08-31T10:12:23Z",
      "resolved": "github:NixOS/nixpkgs/5629520edecb69630a3f4d17d3d33fc96c13f6fe#ginkgo",
      "source": "devbox-search",
      "version": "2.20.2",
      "systems": {
        "aarch64-darwin": {
          "outputs": [
            {
              "name": "out",
              "path": "/nix/store/bmaxiy62cl8pfv421m31d8yskbj7wzlh-ginkgo-2.20.2",
              "default": true
            }
          ],
          "store_path": "/nix/store/bmaxiy62cl8pfv421m31d8yskbj7wzlh-ginkgo-2.20.2"
        },
        "aarch64-linux": {
          "outputs": [
            {
              "name": "out",
              "path": "/nix/store/23ssidzz6ws4g5km5nlnlzpsk2hx0kxp-ginkgo-2.20.2",
              "default": true
            }
          ],
          "store_path": "/nix/store/23ssidzz6ws4g5km5nlnlzpsk2hx0kxp-ginkgo-2.20.2"
        },
        "x86_64-darwin": {
          "outputs": [
            {
              "name": "out",
              "path": "/nix/store/wgnx7y28bpss448qv8aqfryzpx0z9wjd-ginkgo-2.20.2",
              "default": true
            }
          ],
          "store_path": "/nix/store/wgnx7y28bpss448qv8aqfryzpx0z9wjd-ginkgo-2.20.2"
        },
        "x86_64-linux": {
          "outputs": [
            {
              "name": "out",
              "path": "/nix/store/lmsqp94ly9vrw8snzpncwjsvjnlj15sm-ginkgo-2.20.2",
              "default": true
            }
          ],
          "store_path": "/nix/store/lmsqp94ly9vrw8snzpncwjsvjnlj15sm-ginkgo-2.20.2"
        }
      }
    },
    "git@latest": {
      "last_modified": "2024-09-05T11:07:25Z",
      "resolved": "github:NixOS/nixpkgs/9bb1e7571aadf31ddb4af77fc64b2d59580f9a39#git",
      "source": "devbox-search",
      "version": "2.46.0",
      "systems": {
        "aarch64-darwin": {
          "outputs": [
            {
              "name": "out",
              "path": "/nix/store/w443mfir51ws94kyl7zq5kipqj74j6m3-git-2.46.0",
              "default": true
            },
            {
              "name": "doc",
              "path": "/nix/store/sx81ywpa4jimbqp9l3w0n7c0pw8ligzn-git-2.46.0-doc"
            }
          ],
          "store_path": "/nix/store/w443mfir51ws94kyl7zq5kipqj74j6m3-git-2.46.0"
        },
        "aarch64-linux": {
          "outputs": [
            {
              "name": "out",
              "path": "/nix/store/rmyh1ddc6xhp6cqv27wgvns9w8mbbw3b-git-2.46.0",
              "default": true
            },
            {
              "name": "debug",
              "path": "/nix/store/5r1xcws1dlwrcfdcbcsb1j8dlnvjgggm-git-2.46.0-debug"
            },
            {
              "name": "doc",
              "path": "/nix/store/2a6hjqzcvj7vfj7iklxqmzwc75yx3x1r-git-2.46.0-doc"
            }
          ],
          "store_path": "/nix/store/rmyh1ddc6xhp6cqv27wgvns9w8mbbw3b-git-2.46.0"
        },
        "x86_64-darwin": {
          "outputs": [
            {
              "name": "out",
              "path": "/nix/store/iw41zaz9yj1xpkh2x4m8cj4mzk4p7rwx-git-2.46.0",
              "default": true
            },
            {
              "name": "doc",
              "path": "/nix/store/5j1c198dm7qf1yslka190ar1klylh2cz-git-2.46.0-doc"
            }
          ],
          "store_path": "/nix/store/iw41zaz9yj1xpkh2x4m8cj4mzk4p7rwx-git-2.46.0"
        },
        "x86_64-linux": {
          "outputs": [
            {
              "name": "out",
              "path": "/nix/store/hxxkx0y690n2iadckr6imndg8223fcq1-git-2.46.0",
              "default": true
            },
            {
              "name": "doc",
              "path": "/nix/store/icq598vg50bamj3qk44vv218qdbgjmkr-git-2.46.0-doc"
            },
            {
              "name": "debug",
              "path": "/nix/store/4y5k4pa84a168pyvccjykb4050q2g8dj-git-2.46.0-debug"
            }
          ],
          "store_path": "/nix/store/hxxkx0y690n2iadckr6imndg8223fcq1-git-2.46.0"
        }
      }
    },
    "go-licenses@latest": {
      "last_modified": "2024-08-31T10:12:23Z",
      "resolved": "github:NixOS/nixpkgs/5629520edecb69630a3f4d17d3d33fc96c13f6fe#go-licenses",
      "source": "devbox-search",
      "version": "1.6.0",
      "systems": {
        "aarch64-darwin": {
          "outputs": [
            {
              "name": "out",
              "path": "/nix/store/an4s3flkw79rmldgqag6z397yq8c3fx2-go-licenses-1.6.0",
              "default": true
            }
          ],
          "store_path": "/nix/store/an4s3flkw79rmldgqag6z397yq8c3fx2-go-licenses-1.6.0"
        },
        "aarch64-linux": {
          "outputs": [
            {
              "name": "out",
              "path": "/nix/store/djlrnhahvhdxwxxsqkq1x1qdp0zi8j2h-go-licenses-1.6.0",
              "default": true
            }
          ],
          "store_path": "/nix/store/djlrnhahvhdxwxxsqkq1x1qdp0zi8j2h-go-licenses-1.6.0"
        },
        "x86_64-darwin": {
          "outputs": [
            {
              "name": "out",
              "path": "/nix/store/nd7d0ixhflff5yc63p7mlc74qam360v9-go-licenses-1.6.0",
              "default": true
            }
          ],
          "store_path": "/nix/store/nd7d0ixhflff5yc63p7mlc74qam360v9-go-licenses-1.6.0"
        },
        "x86_64-linux": {
          "outputs": [
            {
              "name": "out",
              "path": "/nix/store/amxzjc326phijhyxy6siv2nc7475irmi-go-licenses-1.6.0",
              "default": true
            }
          ],
          "store_path": "/nix/store/amxzjc326phijhyxy6siv2nc7475irmi-go-licenses-1.6.0"
        }
      }
    },
    "go@latest": {
      "last_modified": "2024-08-31T10:12:23Z",
      "resolved": "github:NixOS/nixpkgs/5629520edecb69630a3f4d17d3d33fc96c13f6fe#go_1_23",
      "source": "devbox-search",
      "version": "1.23.0",
      "systems": {
        "aarch64-darwin": {
          "outputs": [
            {
              "name": "out",
              "path": "/nix/store/4cijk6gwv59c84h1l9yhxzsaz93f67mz-go-1.23.0",
              "default": true
            }
          ],
          "store_path": "/nix/store/4cijk6gwv59c84h1l9yhxzsaz93f67mz-go-1.23.0"
        },
        "aarch64-linux": {
          "outputs": [
            {
              "name": "out",
              "path": "/nix/store/mhwsyzk9v43q67ic34c02sxnsnbj7qbh-go-1.23.0",
              "default": true
            }
          ],
          "store_path": "/nix/store/mhwsyzk9v43q67ic34c02sxnsnbj7qbh-go-1.23.0"
        },
        "x86_64-darwin": {
          "outputs": [
            {
              "name": "out",
              "path": "/nix/store/vbcqda38ha9gqsbwjw4q0swpwlvmnb1i-go-1.23.0",
              "default": true
            }
          ],
          "store_path": "/nix/store/vbcqda38ha9gqsbwjw4q0swpwlvmnb1i-go-1.23.0"
        },
        "x86_64-linux": {
          "outputs": [
            {
              "name": "out",
              "path": "/nix/store/h5wkf711ql98c59n7yxa146jbjf9vrj5-go-1.23.0",
              "default": true
            }
          ],
          "store_path": "/nix/store/h5wkf711ql98c59n7yxa146jbjf9vrj5-go-1.23.0"
        }
      }
    },
    "golangci-lint@latest": {
      "last_modified": "2024-08-31T10:12:23Z",
      "resolved": "github:NixOS/nixpkgs/5629520edecb69630a3f4d17d3d33fc96c13f6fe#golangci-lint",
      "source": "devbox-search",
      "version": "1.60.3",
      "systems": {
        "aarch64-darwin": {
          "outputs": [
            {
              "name": "out",
              "path": "/nix/store/7753srjlr5z62yk0jzfmjz07178l6gf9-golangci-lint-1.60.3",
              "default": true
            }
          ],
          "store_path": "/nix/store/7753srjlr5z62yk0jzfmjz07178l6gf9-golangci-lint-1.60.3"
        },
        "aarch64-linux": {
          "outputs": [
            {
              "name": "out",
              "path": "/nix/store/q8yv9bydglwbhg5gh39hxipavg7d5wqk-golangci-lint-1.60.3",
              "default": true
            }
          ],
          "store_path": "/nix/store/q8yv9bydglwbhg5gh39hxipavg7d5wqk-golangci-lint-1.60.3"
        },
        "x86_64-darwin": {
          "outputs": [
            {
              "name": "out",
              "path": "/nix/store/281ibn0dx1d5bhrsghkhp0wkvsyf3c2s-golangci-lint-1.60.3",
              "default": true
            }
          ],
          "store_path": "/nix/store/281ibn0dx1d5bhrsghkhp0wkvsyf3c2s-golangci-lint-1.60.3"
        },
        "x86_64-linux": {
          "outputs": [
            {
              "name": "out",
              "path": "/nix/store/ri5wa2f32x6lglv7065j2s21cr84asg3-golangci-lint-1.60.3",
              "default": true
            }
          ],
          "store_path": "/nix/store/ri5wa2f32x6lglv7065j2s21cr84asg3-golangci-lint-1.60.3"
        }
      }
    },
    "gotests@latest": {
      "last_modified": "2024-08-31T10:12:23Z",
      "resolved": "github:NixOS/nixpkgs/5629520edecb69630a3f4d17d3d33fc96c13f6fe#gotests",
      "source": "devbox-search",
      "version": "1.6.0",
      "systems": {
        "aarch64-darwin": {
          "outputs": [
            {
              "name": "out",
              "path": "/nix/store/59h8y8qx2wn9n6f27a9m84pg6jn1bscp-gotests-1.6.0",
              "default": true
            }
          ],
          "store_path": "/nix/store/59h8y8qx2wn9n6f27a9m84pg6jn1bscp-gotests-1.6.0"
        },
        "aarch64-linux": {
          "outputs": [
            {
              "name": "out",
              "path": "/nix/store/hyykhz9zkiipjc97fxm4m2p3ixmg1b1s-gotests-1.6.0",
              "default": true
            }
          ],
          "store_path": "/nix/store/hyykhz9zkiipjc97fxm4m2p3ixmg1b1s-gotests-1.6.0"
        },
        "x86_64-darwin": {
          "outputs": [
            {
              "name": "out",
              "path": "/nix/store/kwlabrjh9i0vgjggb4c30ylg5r40ivsm-gotests-1.6.0",
              "default": true
            }
          ],
          "store_path": "/nix/store/kwlabrjh9i0vgjggb4c30ylg5r40ivsm-gotests-1.6.0"
        },
        "x86_64-linux": {
          "outputs": [
            {
              "name": "out",
              "path": "/nix/store/3zrbr3wvi9gmxqx6ijlqkkm3v59z1iw0-gotests-1.6.0",
              "default": true
            }
          ],
          "store_path": "/nix/store/3zrbr3wvi9gmxqx6ijlqkkm3v59z1iw0-gotests-1.6.0"
        }
      }
    },
    "gotools@latest": {
      "last_modified": "2024-08-31T10:12:23Z",
      "resolved": "github:NixOS/nixpkgs/5629520edecb69630a3f4d17d3d33fc96c13f6fe#gotools",
      "source": "devbox-search",
      "version": "0.22.0",
      "systems": {
        "aarch64-darwin": {
          "outputs": [
            {
              "name": "out",
              "path": "/nix/store/rxp9dam9chd13kgr12fhzv46chxrxfw4-gotools-0.22.0",
              "default": true
            }
          ],
          "store_path": "/nix/store/rxp9dam9chd13kgr12fhzv46chxrxfw4-gotools-0.22.0"
        },
        "aarch64-linux": {
          "outputs": [
            {
              "name": "out",
              "path": "/nix/store/nwc04fax1znr8r9ip6m30k7clhhmryd7-gotools-0.22.0",
              "default": true
            }
          ],
          "store_path": "/nix/store/nwc04fax1znr8r9ip6m30k7clhhmryd7-gotools-0.22.0"
        },
        "x86_64-darwin": {
          "outputs": [
            {
              "name": "out",
              "path": "/nix/store/w50nx50pv7ma2vx05kql49cbbac5kpvb-gotools-0.22.0",
              "default": true
            }
          ],
          "store_path": "/nix/store/w50nx50pv7ma2vx05kql49cbbac5kpvb-gotools-0.22.0"
        },
        "x86_64-linux": {
          "outputs": [
            {
              "name": "out",
              "path": "/nix/store/4m100mwnf5i2zfzljwlv46mjb6y4dr7y-gotools-0.22.0",
              "default": true
            }
          ],
          "store_path": "/nix/store/4m100mwnf5i2zfzljwlv46mjb6y4dr7y-gotools-0.22.0"
        }
      }
    },
    "govulncheck@latest": {
      "last_modified": "2024-08-31T10:12:23Z",
      "resolved": "github:NixOS/nixpkgs/5629520edecb69630a3f4d17d3d33fc96c13f6fe#govulncheck",
      "source": "devbox-search",
      "version": "1.1.3",
      "systems": {
        "aarch64-darwin": {
          "outputs": [
            {
              "name": "out",
              "path": "/nix/store/kxw2zcrhlfzmp7rrs577mgnm9f6rlk88-govulncheck-1.1.3",
              "default": true
            }
          ],
          "store_path": "/nix/store/kxw2zcrhlfzmp7rrs577mgnm9f6rlk88-govulncheck-1.1.3"
        },
        "aarch64-linux": {
          "outputs": [
            {
              "name": "out",
              "path": "/nix/store/ilb35hryyaxi12l2y9h605l9n9vjdwxc-govulncheck-1.1.3",
              "default": true
            }
          ],
          "store_path": "/nix/store/ilb35hryyaxi12l2y9h605l9n9vjdwxc-govulncheck-1.1.3"
        },
        "x86_64-darwin": {
          "outputs": [
            {
              "name": "out",
              "path": "/nix/store/qqlblfhhshvq837h0j3xfvmh0b8r445h-govulncheck-1.1.3",
              "default": true
            }
          ],
          "store_path": "/nix/store/qqlblfhhshvq837h0j3xfvmh0b8r445h-govulncheck-1.1.3"
        },
        "x86_64-linux": {
          "outputs": [
            {
              "name": "out",
              "path": "/nix/store/ybp5ca2kwwnn20h6rr3fci67b7v11glj-govulncheck-1.1.3",
              "default": true
            }
          ],
          "store_path": "/nix/store/ybp5ca2kwwnn20h6rr3fci67b7v11glj-govulncheck-1.1.3"
        }
      }
    },
    "jq@latest": {
      "last_modified": "2024-09-05T02:32:14Z",
      "resolved": "github:NixOS/nixpkgs/fcb54ddcc974cff59bdfb7c1ac9e080299763d2d#jq",
      "source": "devbox-search",
      "version": "1.7.1",
      "systems": {
        "aarch64-darwin": {
          "outputs": [
            {
              "name": "bin",
              "path": "/nix/store/a0qb3qz9nancghgi3z1734c5k79hzwgn-jq-1.7.1-bin",
              "default": true
            },
            {
              "name": "man",
              "path": "/nix/store/prp8b726pqh1ghw5idfdcyl0gnpry44q-jq-1.7.1-man",
              "default": true
            },
            {
              "name": "out",
              "path": "/nix/store/20x8m876m0a3nas08c4gg7n1gcvw2nd1-jq-1.7.1"
            },
            {
              "name": "dev",
              "path": "/nix/store/4rcpydzqwdck396pwhkcpz1r1brlgli4-jq-1.7.1-dev"
            },
            {
              "name": "doc",
              "path": "/nix/store/a3v44plz7dixbrn9d7s69xhf87g6zrn0-jq-1.7.1-doc"
            },
            {
              "name": "lib",
              "path": "/nix/store/8n0r1ma1x5bvsr6n2kjzrhv8s7qyl9m1-jq-1.7.1-lib"
            }
          ],
          "store_path": "/nix/store/a0qb3qz9nancghgi3z1734c5k79hzwgn-jq-1.7.1-bin"
        },
        "aarch64-linux": {
          "outputs": [
            {
              "name": "bin",
              "path": "/nix/store/855185vhfhrx065c0ad0s1qms3p8sg4c-jq-1.7.1-bin",
              "default": true
            },
            {
              "name": "man",
              "path": "/nix/store/9w36a5zl1wz9mnk22np556mfdicfzyfa-jq-1.7.1-man",
              "default": true
            },
            {
              "name": "dev",
              "path": "/nix/store/zxyzp99sm3nkf387h9xrq8kf4pkp7jw8-jq-1.7.1-dev"
            },
            {
              "name": "doc",
              "path": "/nix/store/h8iz5m7aq09an64n3xjdrpvnskgqg0j5-jq-1.7.1-doc"
            },
            {
              "name": "lib",
              "path": "/nix/store/wkcx946q0kbpp0jb4rs3yq3ippiz5x83-jq-1.7.1-lib"
            },
            {
              "name": "out",
              "path": "/nix/store/x5p64yy46c4g5a6788av88fr8nxpfmvl-jq-1.7.1"
            }
          ],
          "store_path": "/nix/store/855185vhfhrx065c0ad0s1qms3p8sg4c-jq-1.7.1-bin"
        },
        "x86_64-darwin": {
          "outputs": [
            {
              "name": "bin",
              "path": "/nix/store/wlzv4fh056vg7i9zkcggqvfcnargj9cg-jq-1.7.1-bin",
              "default": true
            },
            {
              "name": "man",
              "path": "/nix/store/5wsb8dxsvkhl3a4amaw3q237k31zm3xn-jq-1.7.1-man",
              "default": true
            },
            {
              "name": "doc",
              "path": "/nix/store/rnpf9ypnakmigb5wd9cbzzqs7919bqna-jq-1.7.1-doc"
            },
            {
              "name": "lib",
              "path": "/nix/store/3x3n94nvpfhb55n3039avj3cc13sqwmf-jq-1.7.1-lib"
            },
            {
              "name": "out",
              "path": "/nix/store/5v08b5wxh9i1aqxr4j4v731phms6q4hj-jq-1.7.1"
            },
            {
              "name": "dev",
              "path": "/nix/store/1brda1qm783rz07f0a8y4mvs6m72v5ha-jq-1.7.1-dev"
            }
          ],
          "store_path": "/nix/store/wlzv4fh056vg7i9zkcggqvfcnargj9cg-jq-1.7.1-bin"
        },
        "x86_64-linux": {
          "outputs": [
            {
              "name": "bin",
              "path": "/nix/store/kc1c2x2a14zsjwxlscajmc59nsz0wd1s-jq-1.7.1-bin",
              "default": true
            },
            {
              "name": "man",
              "path": "/nix/store/vdc00mcaj7xlk2f0sq7lyjgf0l3v9gvr-jq-1.7.1-man",
              "default": true
            },
            {
              "name": "dev",
              "path": "/nix/store/rwypdgzzxk9740bd01irnq708p62axah-jq-1.7.1-dev"
            },
            {
              "name": "doc",
              "path": "/nix/store/sifr3zf0rxisxs6ysvp3r2jds5pd22lj-jq-1.7.1-doc"
            },
            {
              "name": "lib",
              "path": "/nix/store/ssl0zcvizmyncqn3lwr3dmkb8j0x9fkn-jq-1.7.1-lib"
            },
            {
              "name": "out",
              "path": "/nix/store/6mi0s34rv17dxd8bpv3vis709n230mfi-jq-1.7.1"
            }
          ],
          "store_path": "/nix/store/kc1c2x2a14zsjwxlscajmc59nsz0wd1s-jq-1.7.1-bin"
        }
      }
    },
    "kubebuilder@latest": {
      "last_modified": "2024-08-31T10:12:23Z",
      "resolved": "github:NixOS/nixpkgs/5629520edecb69630a3f4d17d3d33fc96c13f6fe#kubebuilder",
      "source": "devbox-search",
      "version": "4.1.1",
      "systems": {
        "aarch64-darwin": {
          "outputs": [
            {
              "name": "out",
              "path": "/nix/store/mjjfab1knf8kwzcdmi5bpm17ykiqm0f8-kubebuilder-4.1.1",
              "default": true
            }
          ],
          "store_path": "/nix/store/mjjfab1knf8kwzcdmi5bpm17ykiqm0f8-kubebuilder-4.1.1"
        },
        "aarch64-linux": {
          "outputs": [
            {
              "name": "out",
              "path": "/nix/store/jbspkcg7n3h8wfqwrpc55n067z2vvdpx-kubebuilder-4.1.1",
              "default": true
            }
          ],
          "store_path": "/nix/store/jbspkcg7n3h8wfqwrpc55n067z2vvdpx-kubebuilder-4.1.1"
        },
        "x86_64-darwin": {
          "outputs": [
            {
              "name": "out",
              "path": "/nix/store/n0k0k1ynm7nzq0r8vbshwwwl5f483d5c-kubebuilder-4.1.1",
              "default": true
            }
          ],
          "store_path": "/nix/store/n0k0k1ynm7nzq0r8vbshwwwl5f483d5c-kubebuilder-4.1.1"
        },
        "x86_64-linux": {
          "outputs": [
            {
              "name": "out",
              "path": "/nix/store/4ayrlq6fj6ki0wi4ixiip86cda3l5g8n-kubebuilder-4.1.1",
              "default": true
            }
          ],
          "store_path": "/nix/store/4ayrlq6fj6ki0wi4ixiip86cda3l5g8n-kubebuilder-4.1.1"
        }
      }
    },
    "kubectl@latest": {
      "last_modified": "2024-08-31T10:12:23Z",
      "resolved": "github:NixOS/nixpkgs/5629520edecb69630a3f4d17d3d33fc96c13f6fe#kubectl",
      "source": "devbox-search",
      "version": "1.31.0",
      "systems": {
        "aarch64-darwin": {
          "outputs": [
            {
              "name": "out",
              "path": "/nix/store/ja383knad5av3vgpsgw9lqb9fvs0nh1b-kubectl-1.31.0",
              "default": true
            },
            {
              "name": "man",
              "path": "/nix/store/xs84frfxf2hbkwl2m73d42xnm5npk0zk-kubectl-1.31.0-man",
              "default": true
            },
            {
              "name": "convert",
              "path": "/nix/store/dny8pn21s10zzla471qln5zaxqrc7amc-kubectl-1.31.0-convert"
            }
          ],
          "store_path": "/nix/store/ja383knad5av3vgpsgw9lqb9fvs0nh1b-kubectl-1.31.0"
        },
        "aarch64-linux": {
          "outputs": [
            {
              "name": "out",
              "path": "/nix/store/m371p4kn8xh2rmf74cyzv4v62z8pzzrs-kubectl-1.31.0",
              "default": true
            },
            {
              "name": "man",
              "path": "/nix/store/c45flx005lz7fcw3i0y2r2k6hsxclh0s-kubectl-1.31.0-man",
              "default": true
            },
            {
              "name": "convert",
              "path": "/nix/store/wvhmy1yv97krff0glcamlgdmf6vqrgv4-kubectl-1.31.0-convert"
            }
          ],
          "store_path": "/nix/store/m371p4kn8xh2rmf74cyzv4v62z8pzzrs-kubectl-1.31.0"
        },
        "x86_64-darwin": {
          "outputs": [
            {
              "name": "out",
              "path": "/nix/store/0h31mghy69xcj2v5hzgvgn899c4389w7-kubectl-1.31.0",
              "default": true
            },
            {
              "name": "man",
              "path": "/nix/store/1xirbs3rbvix55dzxq6jvb6dd24w12sb-kubectl-1.31.0-man",
              "default": true
            },
            {
              "name": "convert",
              "path": "/nix/store/wz6jgpz7qgn0dzd1ihzy404pdd9ic6as-kubectl-1.31.0-convert"
            }
          ],
          "store_path": "/nix/store/0h31mghy69xcj2v5hzgvgn899c4389w7-kubectl-1.31.0"
        },
        "x86_64-linux": {
          "outputs": [
            {
              "name": "out",
              "path": "/nix/store/3smkwwy43ibqdc2ngcbds7mb1ma8480p-kubectl-1.31.0",
              "default": true
            },
            {
              "name": "man",
              "path": "/nix/store/zb4ivnj4ndq9zw53jhg2ib9aj39c3s8x-kubectl-1.31.0-man",
              "default": true
            },
            {
              "name": "convert",
              "path": "/nix/store/w6k6mr6lnarnawrvjry4mr3hfpzwdq3f-kubectl-1.31.0-convert"
            }
          ],
          "store_path": "/nix/store/3smkwwy43ibqdc2ngcbds7mb1ma8480p-kubectl-1.31.0"
        }
      }
    },
    "kubernetes-controller-tools@latest": {
      "last_modified": "2024-09-05T02:32:14Z",
      "resolved": "github:NixOS/nixpkgs/fcb54ddcc974cff59bdfb7c1ac9e080299763d2d#kubernetes-controller-tools",
      "source": "devbox-search",
      "version": "0.16.1",
      "systems": {
        "aarch64-darwin": {
          "outputs": [
            {
              "name": "out",
              "path": "/nix/store/5r7f2cqwkyp3gyfcqc70k6hnvakfg978-controller-tools-0.16.1",
              "default": true
            }
          ],
          "store_path": "/nix/store/5r7f2cqwkyp3gyfcqc70k6hnvakfg978-controller-tools-0.16.1"
        },
        "aarch64-linux": {
          "outputs": [
            {
              "name": "out",
              "path": "/nix/store/hva75b8f82mxf49q93d963xnm4yn3pbr-controller-tools-0.16.1",
              "default": true
            }
          ],
          "store_path": "/nix/store/hva75b8f82mxf49q93d963xnm4yn3pbr-controller-tools-0.16.1"
        },
        "x86_64-darwin": {
          "outputs": [
            {
              "name": "out",
              "path": "/nix/store/pw1kvkplpdzh9xbsgnq29gb63mhsddrp-controller-tools-0.16.1",
              "default": true
            }
          ],
          "store_path": "/nix/store/pw1kvkplpdzh9xbsgnq29gb63mhsddrp-controller-tools-0.16.1"
        },
        "x86_64-linux": {
          "outputs": [
            {
              "name": "out",
              "path": "/nix/store/3qw7di8gm6wdlqrqrd2s60jf9a1xxhb5-controller-tools-0.16.1",
              "default": true
            }
          ],
          "store_path": "/nix/store/3qw7di8gm6wdlqrqrd2s60jf9a1xxhb5-controller-tools-0.16.1"
        }
      }
    },
    "kubernetes-helm@latest": {
      "last_modified": "2024-08-31T10:12:23Z",
      "resolved": "github:NixOS/nixpkgs/5629520edecb69630a3f4d17d3d33fc96c13f6fe#kubernetes-helm",
      "source": "devbox-search",
      "version": "3.15.4",
      "systems": {
        "aarch64-darwin": {
          "outputs": [
            {
              "name": "out",
              "path": "/nix/store/l0kxgyk3lbb5m1nn3j4d9yv9n4dm2xv3-kubernetes-helm-3.15.4",
              "default": true
            }
          ],
          "store_path": "/nix/store/l0kxgyk3lbb5m1nn3j4d9yv9n4dm2xv3-kubernetes-helm-3.15.4"
        },
        "aarch64-linux": {
          "outputs": [
            {
              "name": "out",
              "path": "/nix/store/4c83c3sdpdx9kwfz7ac8pq8gc9bzc1ai-kubernetes-helm-3.15.4",
              "default": true
            }
          ],
          "store_path": "/nix/store/4c83c3sdpdx9kwfz7ac8pq8gc9bzc1ai-kubernetes-helm-3.15.4"
        },
        "x86_64-darwin": {
          "outputs": [
            {
              "name": "out",
              "path": "/nix/store/mh6n7hjjb3i01cx44hgggryyskbn8mrj-kubernetes-helm-3.15.4",
              "default": true
            }
          ],
          "store_path": "/nix/store/mh6n7hjjb3i01cx44hgggryyskbn8mrj-kubernetes-helm-3.15.4"
        },
        "x86_64-linux": {
          "outputs": [
            {
              "name": "out",
              "path": "/nix/store/ii5025malv11pzdf55aw819hzmph3dr8-kubernetes-helm-3.15.4",
              "default": true
            }
          ],
          "store_path": "/nix/store/ii5025malv11pzdf55aw819hzmph3dr8-kubernetes-helm-3.15.4"
        }
      }
    },
    "kustomize@4.3": {
      "last_modified": "2021-10-22T02:15:45Z",
      "resolved": "github:NixOS/nixpkgs/718895c14907b60069520b6394b4dbb6e3aa9c33#kustomize",
      "source": "devbox-search",
      "version": "4.3.0",
      "systems": {
        "aarch64-darwin": {
          "outputs": [
            {
              "path": "/nix/store/72hchxzawfrj0ayhqcb57wyz11320w13-kustomize-4.3.0",
              "default": true
            }
          ]
        },
        "x86_64-linux": {
          "outputs": [
            {
              "path": "/nix/store/cyxijsvrvl4v986z606yirrdk4pzcqj8-kustomize-4.3.0",
              "default": true
            }
          ]
        }
      }
    },
    "operator-sdk@latest": {
      "last_modified": "2024-08-31T10:12:23Z",
      "resolved": "github:NixOS/nixpkgs/5629520edecb69630a3f4d17d3d33fc96c13f6fe#operator-sdk",
      "source": "devbox-search",
      "version": "1.36.1",
      "systems": {
        "aarch64-darwin": {
          "outputs": [
            {
              "name": "out",
              "path": "/nix/store/f7hl50p40vidcqzj7vy7f2l0dx7x9yfv-operator-sdk-1.36.1",
              "default": true
            }
          ],
          "store_path": "/nix/store/f7hl50p40vidcqzj7vy7f2l0dx7x9yfv-operator-sdk-1.36.1"
        },
        "aarch64-linux": {
          "outputs": [
            {
              "name": "out",
              "path": "/nix/store/n9fpaadzsflp4krasg1n27wrd9nkvk64-operator-sdk-1.36.1",
              "default": true
            }
          ],
          "store_path": "/nix/store/n9fpaadzsflp4krasg1n27wrd9nkvk64-operator-sdk-1.36.1"
        },
        "x86_64-darwin": {
          "outputs": [
            {
              "name": "out",
              "path": "/nix/store/8zq30vcq3a3mi8y3myzv55pyh2gkslvc-operator-sdk-1.36.1",
              "default": true
            }
          ],
          "store_path": "/nix/store/8zq30vcq3a3mi8y3myzv55pyh2gkslvc-operator-sdk-1.36.1"
        },
        "x86_64-linux": {
          "outputs": [
            {
              "name": "out",
              "path": "/nix/store/hfsw4qcjdy6hlzxgan5slc6l977d01vk-operator-sdk-1.36.1",
              "default": true
            }
          ],
          "store_path": "/nix/store/hfsw4qcjdy6hlzxgan5slc6l977d01vk-operator-sdk-1.36.1"
        }
      }
    },
    "shellcheck@latest": {
      "last_modified": "2024-09-05T02:32:14Z",
      "resolved": "github:NixOS/nixpkgs/fcb54ddcc974cff59bdfb7c1ac9e080299763d2d#shellcheck",
      "source": "devbox-search",
      "version": "0.10.0",
      "systems": {
        "aarch64-darwin": {
          "outputs": [
            {
              "name": "bin",
              "path": "/nix/store/xzp9ys92l1d18brv2q183r3i12wjj61w-shellcheck-0.10.0-bin",
              "default": true
            },
            {
              "name": "man",
              "path": "/nix/store/fylwfi4p0h8xx2w4pp37rwrx5di3hsbs-shellcheck-0.10.0-man",
              "default": true
            },
            {
              "name": "doc",
              "path": "/nix/store/f3j35ci3f1n6ic979g1zmf721iv99h8f-shellcheck-0.10.0-doc",
              "default": true
            },
            {
              "name": "out",
              "path": "/nix/store/pxi0dvf9mgam5i7szl9scaydwcwaqpgh-shellcheck-0.10.0"
            }
          ],
          "store_path": "/nix/store/xzp9ys92l1d18brv2q183r3i12wjj61w-shellcheck-0.10.0-bin"
        },
        "aarch64-linux": {
          "outputs": [
            {
              "name": "bin",
              "path": "/nix/store/gs33kdch6p8icbphmi4jd5hfjpv57hxs-shellcheck-0.10.0-bin",
              "default": true
            },
            {
              "name": "man",
              "path": "/nix/store/hla6fpjvcmiwf3nzhpk0flgakhzbbcl9-shellcheck-0.10.0-man",
              "default": true
            },
            {
              "name": "doc",
              "path": "/nix/store/sj0g5c0kpff988drn383rx2mrxnqh4zf-shellcheck-0.10.0-doc",
              "default": true
            },
            {
              "name": "out",
              "path": "/nix/store/rbdfq1nz2f66l0h2mzs1zbk3ipm7j2mx-shellcheck-0.10.0"
            }
          ],
          "store_path": "/nix/store/gs33kdch6p8icbphmi4jd5hfjpv57hxs-shellcheck-0.10.0-bin"
        },
        "x86_64-darwin": {
          "outputs": [
            {
              "name": "bin",
              "path": "/nix/store/232fynanrdfwvmdbw6d4qfx9cjvjpnnr-shellcheck-0.10.0-bin",
              "default": true
            },
            {
              "name": "man",
              "path": "/nix/store/rghkf2jn301p14dm63m6vp529pm643n4-shellcheck-0.10.0-man",
              "default": true
            },
            {
              "name": "doc",
              "path": "/nix/store/2955bf7b30q8h22pfrfkp5s9qrz20qaa-shellcheck-0.10.0-doc",
              "default": true
            },
            {
              "name": "out",
              "path": "/nix/store/nfdbib0knf1zc3k3hynrlrypvqq0ibnz-shellcheck-0.10.0"
            }
          ],
          "store_path": "/nix/store/232fynanrdfwvmdbw6d4qfx9cjvjpnnr-shellcheck-0.10.0-bin"
        },
        "x86_64-linux": {
          "outputs": [
            {
              "name": "bin",
              "path": "/nix/store/drp1l1226v4xzb1vplhl0ik9fqrf99qs-shellcheck-0.10.0-bin",
              "default": true
            },
            {
              "name": "man",
              "path": "/nix/store/6vcjicf15i0xns4hzb1i1w8cacyy4kd6-shellcheck-0.10.0-man",
              "default": true
            },
            {
              "name": "doc",
              "path": "/nix/store/mxk9mvc456wpy2kbcndnd8qn513rfjfn-shellcheck-0.10.0-doc",
              "default": true
            },
            {
              "name": "out",
              "path": "/nix/store/aaya66gba52v8w4fc4r229y362xmvkfm-shellcheck-0.10.0"
            }
          ],
          "store_path": "/nix/store/drp1l1226v4xzb1vplhl0ik9fqrf99qs-shellcheck-0.10.0-bin"
        }
      }
    },
    "wget@latest": {
      "last_modified": "2024-08-31T10:12:23Z",
      "resolved": "github:NixOS/nixpkgs/5629520edecb69630a3f4d17d3d33fc96c13f6fe#wget",
      "source": "devbox-search",
      "version": "1.24.5",
      "systems": {
        "aarch64-darwin": {
          "outputs": [
            {
              "name": "out",
              "path": "/nix/store/5x68rzfllsf8aswf7wghgkh095pzpjsq-wget-1.24.5",
              "default": true
            }
          ],
          "store_path": "/nix/store/5x68rzfllsf8aswf7wghgkh095pzpjsq-wget-1.24.5"
        },
        "aarch64-linux": {
          "outputs": [
            {
              "name": "out",
              "path": "/nix/store/j0xzf77k723vn7xfl7vsipyjfrpxr8zq-wget-1.24.5",
              "default": true
            }
          ],
          "store_path": "/nix/store/j0xzf77k723vn7xfl7vsipyjfrpxr8zq-wget-1.24.5"
        },
        "x86_64-darwin": {
          "outputs": [
            {
              "name": "out",
              "path": "/nix/store/5r2awmkd82l48vjkx1994xq73y88pcxd-wget-1.24.5",
              "default": true
            }
          ],
          "store_path": "/nix/store/5r2awmkd82l48vjkx1994xq73y88pcxd-wget-1.24.5"
        },
        "x86_64-linux": {
          "outputs": [
            {
              "name": "out",
              "path": "/nix/store/5blpvlg2pajwla3qhah494vhkfg17j33-wget-1.24.5",
              "default": true
            }
          ],
          "store_path": "/nix/store/5blpvlg2pajwla3qhah494vhkfg17j33-wget-1.24.5"
        }
      }
    },
    "yq-go@latest": {
      "last_modified": "2024-08-31T10:12:23Z",
      "resolved": "github:NixOS/nixpkgs/5629520edecb69630a3f4d17d3d33fc96c13f6fe#yq-go",
      "source": "devbox-search",
      "version": "4.44.3",
      "systems": {
        "aarch64-darwin": {
          "outputs": [
            {
              "name": "out",
              "path": "/nix/store/jppigm7xxrz14z5qbp70qwk63rqkzlr7-yq-go-4.44.3",
              "default": true
            }
          ],
          "store_path": "/nix/store/jppigm7xxrz14z5qbp70qwk63rqkzlr7-yq-go-4.44.3"
        },
        "aarch64-linux": {
          "outputs": [
            {
              "name": "out",
              "path": "/nix/store/h1p18ha0hkgf0rwc87cc51nz2m69004s-yq-go-4.44.3",
              "default": true
            }
          ],
          "store_path": "/nix/store/h1p18ha0hkgf0rwc87cc51nz2m69004s-yq-go-4.44.3"
        },
        "x86_64-darwin": {
          "outputs": [
            {
              "name": "out",
              "path": "/nix/store/rfymy667lx1032cxdwyzslxia511dxz7-yq-go-4.44.3",
              "default": true
            }
          ],
          "store_path": "/nix/store/rfymy667lx1032cxdwyzslxia511dxz7-yq-go-4.44.3"
        },
        "x86_64-linux": {
          "outputs": [
            {
              "name": "out",
              "path": "/nix/store/kb2z2ih2yvlpy9p4mx4sqdicjj4p2isw-yq-go-4.44.3",
              "default": true
            }
          ],
          "store_path": "/nix/store/kb2z2ih2yvlpy9p4mx4sqdicjj4p2isw-yq-go-4.44.3"
        }
      }
    }
  }
}
